// !$*UTF8*$!
{
	archiveVersion = 1;
	classes = {
	};
	objectVersion = 50;
	objects = {

/* Begin PBXBuildFile section */
		5BB7C74A22DDD8280028CEB9 /* AppDelegate.m in Sources */ = {isa = PBXBuildFile; fileRef = 5BB7C74922DDD8280028CEB9 /* AppDelegate.m */; };
		5BB7C74D22DDD8280028CEB9 /* ViewController.m in Sources */ = {isa = PBXBuildFile; fileRef = 5BB7C74C22DDD8280028CEB9 /* ViewController.m */; };
		5BB7C75022DDD8280028CEB9 /* Main.storyboard in Resources */ = {isa = PBXBuildFile; fileRef = 5BB7C74E22DDD8280028CEB9 /* Main.storyboard */; };
		5BB7C75222DDD8420028CEB9 /* Assets.xcassets in Resources */ = {isa = PBXBuildFile; fileRef = 5BB7C75122DDD8420028CEB9 /* Assets.xcassets */; };
		5BB7C75522DDD8420028CEB9 /* LaunchScreen.storyboard in Resources */ = {isa = PBXBuildFile; fileRef = 5BB7C75322DDD8420028CEB9 /* LaunchScreen.storyboard */; };
		5BB7C75822DDD8420028CEB9 /* main.m in Sources */ = {isa = PBXBuildFile; fileRef = 5BB7C75722DDD8420028CEB9 /* main.m */; };
/* End PBXBuildFile section */

/* Begin PBXFileReference section */
		5BB7C74522DDD8280028CEB9 /* SegmentInterConnected.app */ = {isa = PBXFileReference; explicitFileType = wrapper.application; includeInIndex = 0; path = SegmentInterConnected.app; sourceTree = BUILT_PRODUCTS_DIR; };
		5BB7C74822DDD8280028CEB9 /* AppDelegate.h */ = {isa = PBXFileReference; lastKnownFileType = sourcecode.c.h; path = AppDelegate.h; sourceTree = "<group>"; };
		5BB7C74922DDD8280028CEB9 /* AppDelegate.m */ = {isa = PBXFileReference; lastKnownFileType = sourcecode.c.objc; path = AppDelegate.m; sourceTree = "<group>"; };
		5BB7C74B22DDD8280028CEB9 /* ViewController.h */ = {isa = PBXFileReference; lastKnownFileType = sourcecode.c.h; path = ViewController.h; sourceTree = "<group>"; };
		5BB7C74C22DDD8280028CEB9 /* ViewController.m */ = {isa = PBXFileReference; lastKnownFileType = sourcecode.c.objc; path = ViewController.m; sourceTree = "<group>"; };
		5BB7C74F22DDD8280028CEB9 /* Base */ = {isa = PBXFileReference; lastKnownFileType = file.storyboard; name = Base; path = Base.lproj/Main.storyboard; sourceTree = "<group>"; };
		5BB7C75122DDD8420028CEB9 /* Assets.xcassets */ = {isa = PBXFileReference; lastKnownFileType = folder.assetcatalog; path = Assets.xcassets; sourceTree = "<group>"; };
		5BB7C75422DDD8420028CEB9 /* Base */ = {isa = PBXFileReference; lastKnownFileType = file.storyboard; name = Base; path = Base.lproj/LaunchScreen.storyboard; sourceTree = "<group>"; };
		5BB7C75622DDD8420028CEB9 /* Info.plist */ = {isa = PBXFileReference; lastKnownFileType = text.plist.xml; path = Info.plist; sourceTree = "<group>"; };
		5BB7C75722DDD8420028CEB9 /* main.m */ = {isa = PBXFileReference; lastKnownFileType = sourcecode.c.objc; path = main.m; sourceTree = "<group>"; };
/* End PBXFileReference section */

/* Begin PBXFrameworksBuildPhase section */
		5BB7C74222DDD8280028CEB9 /* Frameworks */ = {
			isa = PBXFrameworksBuildPhase;
			buildActionMask = 2147483647;
			files = (
			);
			runOnlyForDeploymentPostprocessing = 0;
		};
/* End PBXFrameworksBuildPhase section */

/* Begin PBXGroup section */
		5BB7C73C22DDD8280028CEB9 = {
			isa = PBXGroup;
			children = (
				5BB7C74722DDD8280028CEB9 /* SegmentInterConnected */,
				5BB7C74622DDD8280028CEB9 /* Products */,
			);
			sourceTree = "<group>";
		};
		5BB7C74622DDD8280028CEB9 /* Products */ = {
			isa = PBXGroup;
			children = (
				5BB7C74522DDD8280028CEB9 /* SegmentInterConnected.app */,
			);
			name = Products;
			sourceTree = "<group>";
		};
		5BB7C74722DDD8280028CEB9 /* SegmentInterConnected */ = {
			isa = PBXGroup;
			children = (
				5BB7C74822DDD8280028CEB9 /* AppDelegate.h */,
				5BB7C74922DDD8280028CEB9 /* AppDelegate.m */,
				5BB7C74B22DDD8280028CEB9 /* ViewController.h */,
				5BB7C74C22DDD8280028CEB9 /* ViewController.m */,
				5BB7C74E22DDD8280028CEB9 /* Main.storyboard */,
				5BB7C75122DDD8420028CEB9 /* Assets.xcassets */,
				5BB7C75322DDD8420028CEB9 /* LaunchScreen.storyboard */,
				5BB7C75622DDD8420028CEB9 /* Info.plist */,
				5BB7C75722DDD8420028CEB9 /* main.m */,
			);
			path = SegmentInterConnected;
			sourceTree = "<group>";
		};
/* End PBXGroup section */

/* Begin PBXNativeTarget section */
		5BB7C74422DDD8280028CEB9 /* SegmentInterConnected */ = {
			isa = PBXNativeTarget;
			buildConfigurationList = 5BB7C75B22DDD8420028CEB9 /* Build configuration list for PBXNativeTarget "SegmentInterConnected" */;
			buildPhases = (
				5BB7C74122DDD8280028CEB9 /* Sources */,
				5BB7C74222DDD8280028CEB9 /* Frameworks */,
				5BB7C74322DDD8280028CEB9 /* Resources */,
			);
			buildRules = (
			);
			dependencies = (
			);
			name = SegmentInterConnected;
			productName = SegmentInterConnected;
			productReference = 5BB7C74522DDD8280028CEB9 /* SegmentInterConnected.app */;
			productType = "com.apple.product-type.application";
		};
/* End PBXNativeTarget section */

/* Begin PBXProject section */
		5BB7C73D22DDD8280028CEB9 /* Project object */ = {
			isa = PBXProject;
			attributes = {
				LastUpgradeCheck = 1020;
				ORGANIZATIONNAME = "HT-Admin";
				TargetAttributes = {
					5BB7C74422DDD8280028CEB9 = {
						CreatedOnToolsVersion = 10.2.1;
					};
				};
			};
			buildConfigurationList = 5BB7C74022DDD8280028CEB9 /* Build configuration list for PBXProject "SegmentInterConnected" */;
			compatibilityVersion = "Xcode 9.3";
			developmentRegion = en;
			hasScannedForEncodings = 0;
			knownRegions = (
				en,
				Base,
			);
			mainGroup = 5BB7C73C22DDD8280028CEB9;
			productRefGroup = 5BB7C74622DDD8280028CEB9 /* Products */;
			projectDirPath = "";
			projectRoot = "";
			targets = (
				5BB7C74422DDD8280028CEB9 /* SegmentInterConnected */,
			);
		};
/* End PBXProject section */

/* Begin PBXResourcesBuildPhase section */
		5BB7C74322DDD8280028CEB9 /* Resources */ = {
			isa = PBXResourcesBuildPhase;
			buildActionMask = 2147483647;
			files = (
				5BB7C75522DDD8420028CEB9 /* LaunchScreen.storyboard in Resources */,
				5BB7C75222DDD8420028CEB9 /* Assets.xcassets in Resources */,
				5BB7C75022DDD8280028CEB9 /* Main.storyboard in Resources */,
			);
			runOnlyForDeploymentPostprocessing = 0;
		};
/* End PBXResourcesBuildPhase section */

/* Begin PBXSourcesBuildPhase section */
		5BB7C74122DDD8280028CEB9 /* Sources */ = {
			isa = PBXSourcesBuildPhase;
			buildActionMask = 2147483647;
			files = (
				5BB7C74D22DDD8280028CEB9 /* ViewController.m in Sources */,
				5BB7C75822DDD8420028CEB9 /* main.m in Sources */,
				5BB7C74A22DDD8280028CEB9 /* AppDelegate.m in Sources */,
			);
			runOnlyForDeploymentPostprocessing = 0;
		};
/* End PBXSourcesBuildPhase section */

/* Begin PBXVariantGroup section */
		5BB7C74E22DDD8280028CEB9 /* Main.storyboard */ = {
			isa = PBXVariantGroup;
			children = (
				5BB7C74F22DDD8280028CEB9 /* Base */,
			);
			name = Main.storyboard;
			sourceTree = "<group>";
		};
		5BB7C75322DDD8420028CEB9 /* LaunchScreen.storyboard */ = {
			isa = PBXVariantGroup;
			children = (
				5BB7C75422DDD8420028CEB9 /* Base */,
			);
			name = LaunchScreen.storyboard;
			sourceTree = "<group>";
		};
/* End PBXVariantGroup section */

/* Begin XCBuildConfiguration section */
		5BB7C75922DDD8420028CEB9 /* Debug */ = {
			isa = XCBuildConfiguration;
			buildSettings = {
				ALWAYS_SEARCH_USER_PATHS = NO;
				CLANG_ANALYZER_NONNULL = YES;
				CLANG_ANALYZER_NUMBER_OBJECT_CONVERSION = YES_AGGRESSIVE;
				CLANG_CXX_LANGUAGE_STANDARD = "gnu++14";
				CLANG_CXX_LIBRARY = "libc++";
				CLANG_ENABLE_MODULES = YES;
				CLANG_ENABLE_OBJC_ARC = YES;
				CLANG_ENABLE_OBJC_WEAK = YES;
				CLANG_WARN_BLOCK_CAPTURE_AUTORELEASING = YES;
				CLANG_WARN_BOOL_CONVERSION = YES;
				CLANG_WARN_COMMA = YES;
				CLANG_WARN_CONSTANT_CONVERSION = YES;
				CLANG_WARN_DEPRECATED_OBJC_IMPLEMENTATIONS = YES;
				CLANG_WARN_DIRECT_OBJC_ISA_USAGE = YES_ERROR;
				CLANG_WARN_DOCUMENTATION_COMMENTS = YES;
				CLANG_WARN_EMPTY_BODY = YES;
				CLANG_WARN_ENUM_CONVERSION = YES;
				CLANG_WARN_INFINITE_RECURSION = YES;
				CLANG_WARN_INT_CONVERSION = YES;
				CLANG_WARN_NON_LITERAL_NULL_CONVERSION = YES;
				CLANG_WARN_OBJC_IMPLICIT_RETAIN_SELF = YES;
				CLANG_WARN_OBJC_LITERAL_CONVERSION = YES;
				CLANG_WARN_OBJC_ROOT_CLASS = YES_ERROR;
				CLANG_WARN_RANGE_LOOP_ANALYSIS = YES;
				CLANG_WARN_STRICT_PROTOTYPES = YES;
				CLANG_WARN_SUSPICIOUS_MOVE = YES;
				CLANG_WARN_UNGUARDED_AVAILABILITY = YES_AGGRESSIVE;
				CLANG_WARN_UNREACHABLE_CODE = YES;
				CLANG_WARN__DUPLICATE_METHOD_MATCH = YES;
				CODE_SIGN_IDENTITY = "iPhone Developer";
				COPY_PHASE_STRIP = NO;
				DEBUG_INFORMATION_FORMAT = dwarf;
				ENABLE_STRICT_OBJC_MSGSEND = YES;
				ENABLE_TESTABILITY = YES;
				GCC_C_LANGUAGE_STANDARD = gnu11;
				GCC_DYNAMIC_NO_PIC = NO;
				GCC_NO_COMMON_BLOCKS = YES;
				GCC_OPTIMIZATION_LEVEL = 0;
				GCC_PREPROCESSOR_DEFINITIONS = (
					"DEBUG=1",
					"$(inherited)",
				);
				GCC_WARN_64_TO_32_BIT_CONVERSION = YES;
				GCC_WARN_ABOUT_RETURN_TYPE = YES_ERROR;
				GCC_WARN_UNDECLARED_SELECTOR = YES;
				GCC_WARN_UNINITIALIZED_AUTOS = YES_AGGRESSIVE;
				GCC_WARN_UNUSED_FUNCTION = YES;
				GCC_WARN_UNUSED_VARIABLE = YES;
				IPHONEOS_DEPLOYMENT_TARGET = 12.2;
				MTL_ENABLE_DEBUG_INFO = INCLUDE_SOURCE;
				MTL_FAST_MATH = YES;
				ONLY_ACTIVE_ARCH = YES;
				SDKROOT = iphoneos;
			};
			name = Debug;
		};
		5BB7C75A22DDD8420028CEB9 /* Release */ = {
			isa = XCBuildConfiguration;
			buildSettings = {
				ALWAYS_SEARCH_USER_PATHS = NO;
				CLANG_ANALYZER_NONNULL = YES;
				CLANG_ANALYZER_NUMBER_OBJECT_CONVERSION = YES_AGGRESSIVE;
				CLANG_CXX_LANGUAGE_STANDARD = "gnu++14";
				CLANG_CXX_LIBRARY = "libc++";
				CLANG_ENABLE_MODULES = YES;
				CLANG_ENABLE_OBJC_ARC = YES;
				CLANG_ENABLE_OBJC_WEAK = YES;
				CLANG_WARN_BLOCK_CAPTURE_AUTORELEASING = YES;
				CLANG_WARN_BOOL_CONVERSION = YES;
				CLANG_WARN_COMMA = YES;
				CLANG_WARN_CONSTANT_CONVERSION = YES;
				CLANG_WARN_DEPRECATED_OBJC_IMPLEMENTATIONS = YES;
				CLANG_WARN_DIRECT_OBJC_ISA_USAGE = YES_ERROR;
				CLANG_WARN_DOCUMENTATION_COMMENTS = YES;
				CLANG_WARN_EMPTY_BODY = YES;
				CLANG_WARN_ENUM_CONVERSION = YES;
				CLANG_WARN_INFINITE_RECURSION = YES;
				CLANG_WARN_INT_CONVERSION = YES;
				CLANG_WARN_NON_LITERAL_NULL_CONVERSION = YES;
				CLANG_WARN_OBJC_IMPLICIT_RETAIN_SELF = YES;
				CLANG_WARN_OBJC_LITERAL_CONVERSION = YES;
				CLANG_WARN_OBJC_ROOT_CLASS = YES_ERROR;
				CLANG_WARN_RANGE_LOOP_ANALYSIS = YES;
				CLANG_WARN_STRICT_PROTOTYPES = YES;
				CLANG_WARN_SUSPICIOUS_MOVE = YES;
				CLANG_WARN_UNGUARDED_AVAILABILITY = YES_AGGRESSIVE;
				CLANG_WARN_UNREACHABLE_CODE = YES;
				CLANG_WARN__DUPLICATE_METHOD_MATCH = YES;
				CODE_SIGN_IDENTITY = "iPhone Developer";
				COPY_PHASE_STRIP = NO;
				DEBUG_INFORMATION_FORMAT = "dwarf-with-dsym";
				ENABLE_NS_ASSERTIONS = NO;
				ENABLE_STRICT_OBJC_MSGSEND = YES;
				GCC_C_LANGUAGE_STANDARD = gnu11;
				GCC_NO_COMMON_BLOCKS = YES;
				GCC_WARN_64_TO_32_BIT_CONVERSION = YES;
				GCC_WARN_ABOUT_RETURN_TYPE = YES_ERROR;
				GCC_WARN_UNDECLARED_SELECTOR = YES;
				GCC_WARN_UNINITIALIZED_AUTOS = YES_AGGRESSIVE;
				GCC_WARN_UNUSED_FUNCTION = YES;
				GCC_WARN_UNUSED_VARIABLE = YES;
				IPHONEOS_DEPLOYMENT_TARGET = 12.2;
				MTL_ENABLE_DEBUG_INFO = NO;
				MTL_FAST_MATH = YES;
				SDKROOT = iphoneos;
				VALIDATE_PRODUCT = YES;
			};
			name = Release;
		};
		5BB7C75C22DDD8420028CEB9 /* Debug */ = {
			isa = XCBuildConfiguration;
			buildSettings = {
				ASSETCATALOG_COMPILER_APPICON_NAME = AppIcon;
				CODE_SIGN_STYLE = Automatic;
				DEVELOPMENT_TEAM = 785E6BU83A;
				INFOPLIST_FILE = SegmentInterConnected/Info.plist;
				LD_RUNPATH_SEARCH_PATHS = (
					"$(inherited)",
					"@executable_path/Frameworks",
				);
				PRODUCT_BUNDLE_IDENTIFIER = helix.raj.SegmentInterConnected;
				PRODUCT_NAME = "$(TARGET_NAME)";
				TARGETED_DEVICE_FAMILY = "1,2";
			};
			name = Debug;
		};
		5BB7C75D22DDD8420028CEB9 /* Release */ = {
			isa = XCBuildConfiguration;
			buildSettings = {
				ASSETCATALOG_COMPILER_APPICON_NAME = AppIcon;
				CODE_SIGN_STYLE = Automatic;
				DEVELOPMENT_TEAM = 785E6BU83A;
				INFOPLIST_FILE = SegmentInterConnected/Info.plist;
				LD_RUNPATH_SEARCH_PATHS = (
					"$(inherited)",
					"@executable_path/Frameworks",
				);
				PRODUCT_BUNDLE_IDENTIFIER = helix.raj.SegmentInterConnected;
				PRODUCT_NAME = "$(TARGET_NAME)";
				TARGETED_DEVICE_FAMILY = "1,2";
			};
			name = Release;
		};
/* End XCBuildConfiguration section */

/* Begin XCConfigurationList section */
		5BB7C74022DDD8280028CEB9 /* Build configuration list for PBXProject "SegmentInterConnected" */ = {
			isa = XCConfigurationList;
			buildConfigurations = (
				5BB7C75922DDD8420028CEB9 /* Debug */,
				5BB7C75A22DDD8420028CEB9 /* Release */,
			);
			defaultConfigurationIsVisible = 0;
			defaultConfigurationName = Release;
		};
		5BB7C75B22DDD8420028CEB9 /* Build configuration list for PBXNativeTarget "SegmentInterConnected" */ = {
			isa = XCConfigurationList;
			buildConfigurations = (
				5BB7C75C22DDD8420028CEB9 /* Debug */,
				5BB7C75D22DDD8420028CEB9 /* Release */,
			);
			defaultConfigurationIsVisible = 0;
			defaultConfigurationName = Release;
		};
/* End XCConfigurationList section */
	};
	rootObject = 5BB7C73D22DDD8280028CEB9 /* Project object */;
}
